# This file is autogenerated, do not edit; changes may be undone by the next 'dep ensure'.


[[projects]]
  branch = "master"
  name = "github.com/GeertJohan/go.rice"
  packages = [".","embedded"]
  revision = "c02ca9a983da5807ddf7d796784928f5be4afd09"

[[projects]]
  branch = "master"
  name = "github.com/bitrise-io/bitrise"
  packages = ["models"]
  revision = "2796fa7142e5f80e8833951ff8a01a3120522ec2"

[[projects]]
  branch = "master"
  name = "github.com/bitrise-io/depman"
  packages = ["pathutil"]
  revision = "e296641465fca7487059fcabd9bb57e9a3f3b1f8"

[[projects]]
  name = "github.com/bitrise-io/envman"
  packages = ["models"]
  revision = "455072a756cf80ab469ecfbcfd8c1dd614585cfc"
  version = "1.1.8"

[[projects]]
  branch = "master"
  name = "github.com/bitrise-io/go-utils"
  packages = ["colorstring","command","errorutil","fileutil","freezable","log","parseutil","pathutil","pointers"]
  revision = "6eb582e08179a025ed2deb86ea6dffbd13ba1ff6"

[[projects]]
  name = "github.com/bitrise-io/stepman"
  packages = ["models"]
  revision = "f528959740f424f44e678f4f4e74eebf82fdd582"
  version = "0.9.35"

[[projects]]
  branch = "master"
  name = "github.com/daaku/go.zipexe"
  packages = ["."]
  revision = "a5fe2436ffcb3236e175e5149162b41cd28bd27d"

[[projects]]
  name = "github.com/davecgh/go-spew"
  packages = ["spew"]
  revision = "346938d642f2ec3594ed81d874461961cd0faa76"
  version = "v1.1.0"

[[projects]]
  name = "github.com/gorilla/context"
  packages = ["."]
  revision = "1ea25387ff6f684839d82767c1733ff4d4d15d0a"
  version = "v1.1"

[[projects]]
  branch = "master"
  name = "github.com/gorilla/mux"
  packages = ["."]
  revision = "bdd5a5a1b0b489d297b73eb62b5f6328df198bfc"

[[projects]]
  name = "github.com/inconshreveable/mousetrap"
  packages = ["."]
  revision = "76626ae9c91c4f2a10f34cad8ce83ea42c93bb75"
  version = "v1.0"

[[projects]]
  branch = "master"
  name = "github.com/kardianos/osext"
  packages = ["."]
  revision = "ae77be60afb1dcacde03767a8c37337fad28ac14"

[[projects]]
  name = "github.com/pmezard/go-difflib"
  packages = ["difflib"]
  revision = "792786c7400a136282c1664665ae0a8db921c6c2"
  version = "v1.0.0"

[[projects]]
  branch = "master"
  name = "github.com/ryanuber/go-glob"
  packages = ["."]
  revision = "256dc444b735e061061cf46c809487313d5b0065"

[[projects]]
  branch = "master"
  name = "github.com/spf13/cobra"
  packages = ["."]
  revision = "4d6af280c76ff7d266434f2dba207c4b75dfc076"

[[projects]]
  name = "github.com/spf13/pflag"
  packages = ["."]
  revision = "e57e3eeb33f795204c1ca35f56c44f83227c6e66"
  version = "v1.0.0"

[[projects]]
  branch = "master"
  name = "github.com/stretchr/testify"
  packages = ["assert","require"]
  revision = "890a5c3458b43e6104ff5da8dfa139d013d77544"

[[projects]]
  branch = "v2"
  name = "gopkg.in/yaml.v2"
  packages = ["."]
  revision = "eb3733d160e74a9c7e442f435eb3bea458e1d19f"

[solve-meta]
  analyzer-name = "dep"
  analyzer-version = 1
  inputs-digest = "4dd00e1ce064395b6e2ceb9efab0470d359243310903e5de5b54d1d9d8d07e9e"
  solver-name = "gps-cdcl"
  solver-version = 1
