# This file is autogenerated, do not edit; changes may be undone by the next 'dep ensure'.


[[projects]]
  digest = "1:07f7314344b2771963ada0b2a4a426c59d782dac227dcfff2499188a186446c0"
  name = "github.com/GeertJohan/go.rice"
  packages = [
    ".",
    "embedded",
  ]
  pruneopts = "UT"
  revision = "cd53cd147dd5288bc2fb990fb983e58e301abb5e"
  version = "v1.0.0"

[[projects]]
  digest = "1:04457f9f6f3ffc5fea48e71d62f2ca256637dee0a04d710288e27e05c8b41976"
  name = "github.com/Sirupsen/logrus"
  packages = ["."]
  pruneopts = "UT"
  revision = "839c75faf7f98a33d445d181f3018b5c3409a45e"
  version = "v1.4.2"

[[projects]]
  branch = "master"
  digest = "1:9f1a9e5079504f9d94656784c4d300e7fd058ca7781f17eba18ddc895310056c"
  name = "github.com/bitrise-io/bitrise"
  packages = [
    "bitrise",
    "cli",
    "configs",
    "models",
    "output",
    "plugins",
    "toolkits",
    "tools",
    "tools/filterwriter",
    "tools/timeoutcmd",
    "utils",
    "version",
  ]
  pruneopts = "UT"
  revision = "15535322dc6592a3168d16ec97b8d3fc658bd939"

[[projects]]
  branch = "master"
  digest = "1:eda2296387e3dae410b4ceb25e4db754d6bb552666584ef93ca1d98aa12920df"
  name = "github.com/bitrise-io/colorstring"
  packages = ["."]
  pruneopts = "UT"
  revision = "a8cd701151924e6beffb74a34a556b320e0cfcf7"

[[projects]]
  branch = "master"
  digest = "1:ef1b2af8fcafd64e140fa2cd08707542eed99da6422f84bce751b24ea5333d39"
  name = "github.com/bitrise-io/depman"
  packages = ["pathutil"]
  pruneopts = "UT"
  revision = "e5c92c35cd92aeeeaa3ccf5ed4957f1a316989e9"

[[projects]]
  branch = "master"
  digest = "1:4e1c0cc22c53c5ebda9bd380afd5b56a2f1fc9e6fd2eed59ab8ba0c1522eee19"
  name = "github.com/bitrise-io/envman"
  packages = ["models"]
  pruneopts = "UT"
  revision = "24a8f72875981710a8b21e60d81c4126a3af3c67"

[[projects]]
  branch = "master"
  digest = "1:35b313765d2976d188676d878a2c652b48d98989051ae104285000471cf131e7"
  name = "github.com/bitrise-io/go-utils"
  packages = [
    "colorstring",
    "command",
    "command/git",
    "errorutil",
    "fileutil",
    "freezable",
    "log",
    "parseutil",
    "pathutil",
    "pointers",
    "progress",
    "retry",
    "sliceutil",
    "stringutil",
    "urlutil",
    "versions",
  ]
  pruneopts = "UT"
  revision = "e212188d99b41373b4ff8b69e7b1f677bc427bde"

[[projects]]
  branch = "master"
  digest = "1:980e760f25b82cb4ffe32b146956029f1f5c8bea3c39f9f973cc023d4ae965b1"
  name = "github.com/bitrise-io/goinp"
  packages = ["goinp"]
  pruneopts = "UT"
  revision = "bd18a8681e272db4696c50152b288f722d08b914"

[[projects]]
  branch = "master"
  digest = "1:d57ff96212b8429c896b7a75b0557499998cc663fb2e7179035e39e519aaf3a9"
  name = "github.com/bitrise-io/gows"
  packages = ["gows"]
  pruneopts = "UT"
  revision = "8cc2a6a92536486370c8a3daaf70a2886323725a"

[[projects]]
  branch = "master"
  digest = "1:c41616c1bb09acdb2f9cf9c65bd2b78a55f9d3ab04526e1b77703ed156581ee3"
  name = "github.com/bitrise-io/stepman"
  packages = [
    "cli",
    "models",
    "stepman",
    "version",
  ]
  pruneopts = "UT"
  revision = "15ac97d3ea158d6bf4ee951927de5df145c78ead"

[[projects]]
  digest = "1:8e8da6cc8cca12851d4e089d970a0f7387b3a6bcc8c459ff432213b03076a66d"
  name = "github.com/daaku/go.zipexe"
  packages = ["."]
  pruneopts = "UT"
  revision = "74d766ac1dde7458348221869a7d1e7e5fa0597e"
  version = "v1.0.1"

[[projects]]
  digest = "1:ffe9824d294da03b391f44e1ae8281281b4afc1bdaa9588c9097785e3af10cec"
  name = "github.com/davecgh/go-spew"
  packages = ["spew"]
  pruneopts = "UT"
  revision = "8991bc29aa16c548c550c7ff78260e27b9ab7c73"
  version = "v1.1.1"

[[projects]]
  digest = "1:25ebe6496abb289ef977c081b2d49f56dd97c32db4ca083d37f95923909ced02"
  name = "github.com/gorilla/mux"
  packages = ["."]
  pruneopts = "UT"
  revision = "75dcda0896e109a2a22c9315bca3bb21b87b2ba5"
  version = "v1.7.4"

[[projects]]
  digest = "1:88e0b0baeb9072f0a4afbcf12dda615fc8be001d1802357538591155998da21b"
  name = "github.com/hashicorp/go-version"
  packages = ["."]
  pruneopts = "UT"
  revision = "ac23dc3fea5d1a983c43f6a0f6e2c13f0195d8bd"
  version = "v1.2.0"

[[projects]]
  digest = "1:870d441fe217b8e689d7949fef6e43efbc787e50f200cb1e70dbca9204a1d6be"
  name = "github.com/inconshreveable/mousetrap"
  packages = ["."]
  pruneopts = "UT"
  revision = "76626ae9c91c4f2a10f34cad8ce83ea42c93bb75"
  version = "v1.0"

[[projects]]
  digest = "1:31e761d97c76151dde79e9d28964a812c46efc5baee4085b86f68f0c654450de"
  name = "github.com/konsorten/go-windows-terminal-sequences"
  packages = ["."]
  pruneopts = "UT"
  revision = "f55edac94c9bbba5d6182a4be46d86a2c9b5b50e"
  version = "v1.0.2"

[[projects]]
  digest = "1:0028cb19b2e4c3112225cd871870f2d9cf49b9b4276531f03438a88e94be86fe"
  name = "github.com/pmezard/go-difflib"
  packages = ["difflib"]
  pruneopts = "UT"
  revision = "792786c7400a136282c1664665ae0a8db921c6c2"
  version = "v1.0.0"

[[projects]]
  digest = "1:6baa565fe16f8657cf93469b2b8a6c61a277827734400d27e44d589547297279"
  name = "github.com/ryanuber/go-glob"
  packages = ["."]
  pruneopts = "UT"
  revision = "51a8f68e6c24dc43f1e371749c89a267de4ebc53"
  version = "v1.0.0"

[[projects]]
  digest = "1:6a13467c76490975b05609344b3d882a9185fd11a44a04ede7427d684e0819b9"
  name = "github.com/spf13/cobra"
  packages = ["."]
  pruneopts = "UT"
  revision = "0da06874266c88228b8f14615396a1f6bfc90ed7"
  version = "v0.0.6"

[[projects]]
  digest = "1:524b71991fc7d9246cc7dc2d9e0886ccb97648091c63e30eef619e6862c955dd"
  name = "github.com/spf13/pflag"
  packages = ["."]
  pruneopts = "UT"
  revision = "2e9d26c8c37aae03e3f9d4e90b7116f5accb7cab"
  version = "v1.0.5"

[[projects]]
  digest = "1:49b1087f45b1e49687da2f8eb49d9e07919d4bad3813344251c722141dcb31d6"
  name = "github.com/stretchr/testify"
  packages = [
    "assert",
    "require",
  ]
  pruneopts = "UT"
  revision = "3ebf1ddaeb260c4b1ae502a01c7844fa8c1fa0e9"
  version = "v1.5.1"

[[projects]]
  digest = "1:ca4df663ad76879ad38dbd736493679cbb1aa596c6d479fd9fc5e959e5ceb4fb"
  name = "github.com/urfave/cli"
  packages = ["."]
  pruneopts = "UT"
  revision = "e6cf83ec39f6e1158ced1927d4ed14578fda8edb"

[[projects]]
  branch = "master"
  digest = "1:ad2bf20798504fbde0c5bdf5ee83d3354fb101d32c5b2267f811c1958b91b0ab"
  name = "golang.org/x/crypto"
  packages = ["ssh/terminal"]
  pruneopts = "UT"
  revision = "2aa609cf4a9d7d1126360de73b55b6002f9e052a"

[[projects]]
  branch = "master"
  digest = "1:e6f3eca022d18ff28112534a46d8bad7400b1523724061dff2d1bfc737bee376"
  name = "golang.org/x/sys"
  packages = [
    "unix",
    "windows",
  ]
  pruneopts = "UT"
  revision = "d5e6a3e2c0ae16fc7480523ebcb7fd4dd3215489"

[[projects]]
  digest = "1:55b110c99c5fdc4f14930747326acce56b52cfce60b24b1c03ef686ac0e46bb1"
  name = "gopkg.in/yaml.v2"
  packages = ["."]
  pruneopts = "UT"
  revision = "53403b58ad1b561927d19068c655246f2db79d48"
  version = "v2.2.8"

[[projects]]
  branch = "v3"
  digest = "1:55d59c3399c684c4e3edc6c404e5dc85b072363918bf2a2c6b0e6e4807ea73bf"
  name = "gopkg.in/yaml.v3"
  packages = ["."]
  pruneopts = "UT"
  revision = "9f266ea9e77c4c7aab4cf02650570e7c7b3031a5"

[solve-meta]
  analyzer-name = "dep"
  analyzer-version = 1
  input-imports = [
    "github.com/GeertJohan/go.rice",
    "github.com/GeertJohan/go.rice/embedded",
    "github.com/bitrise-io/bitrise/cli",
    "github.com/bitrise-io/bitrise/models",
    "github.com/bitrise-io/depman/pathutil",
    "github.com/bitrise-io/envman/models",
    "github.com/bitrise-io/go-utils/command",
    "github.com/bitrise-io/go-utils/fileutil",
    "github.com/bitrise-io/go-utils/freezable",
    "github.com/bitrise-io/go-utils/log",
    "github.com/bitrise-io/go-utils/pathutil",
    "github.com/bitrise-io/stepman/models",
    "github.com/gorilla/mux",
    "github.com/spf13/cobra",
    "github.com/stretchr/testify/require",
    "gopkg.in/yaml.v2",
    "gopkg.in/yaml.v3",
  ]
  solver-name = "gps-cdcl"
  solver-version = 1
